
Microsoft Visual Studio Solution File, Format Version 12.00
# Visual Studio Version 16
VisualStudioVersion = 16.0.809.0
MinimumVisualStudioVersion = 10.0.40219.1
Project("{FAE04EC0-301F-11D3-BF4B-00C04F79EFBC}") = "SharedLibrary", "SharedLibrary\SharedLibrary.csproj", "{4FF568B1-C266-402B-B030-820A1C94ED7F}"
EndProject
Project("{FAE04EC0-301F-11D3-BF4B-00C04F79EFBC}") = "AdminUI", "AdminUI\AdminUI.csproj", "{994B3C31-4039-4325-B2E1-47690CE9A708}"
EndProject
Project("{FAE04EC0-301F-11D3-BF4B-00C04F79EFBC}") = "EmployeeUI", "EmployeeUI\EmployeeUI.csproj", "{1838A39E-F0EB-44A9-B3E6-7339E2F26C78}"
EndProject
Global
	GlobalSection(SolutionConfigurationPlatforms) = preSolution
		Debug|Any CPU = Debug|Any CPU
		Release|Any CPU = Release|Any CPU
	EndGlobalSection
	GlobalSection(ProjectConfigurationPlatforms) = postSolution
		{4FF568B1-C266-402B-B030-820A1C94ED7F}.Debug|Any CPU.ActiveCfg = Debug|Any CPU
		{4FF568B1-C266-402B-B030-820A1C94ED7F}.Debug|Any CPU.Build.0 = Debug|Any CPU
		{4FF568B1-C266-402B-B030-820A1C94ED7F}.Release|Any CPU.ActiveCfg = Release|Any CPU
		{4FF568B1-C266-402B-B030-820A1C94ED7F}.Release|Any CPU.Build.0 = Release|Any CPU
		{994B3C31-4039-4325-B2E1-47690CE9A708}.Debug|Any CPU.ActiveCfg = Debug|Any CPU
		{994B3C31-4039-4325-B2E1-47690CE9A708}.Debug|Any CPU.Build.0 = Debug|Any CPU
		{994B3C31-4039-4325-B2E1-47690CE9A708}.Release|Any CPU.ActiveCfg = Release|Any CPU
		{994B3C31-4039-4325-B2E1-47690CE9A708}.Release|Any CPU.Build.0 = Release|Any CPU
		{1838A39E-F0EB-44A9-B3E6-7339E2F26C78}.Debug|Any CPU.ActiveCfg = Debug|Any CPU
		{1838A39E-F0EB-44A9-B3E6-7339E2F26C78}.Debug|Any CPU.Build.0 = Debug|Any CPU
		{1838A39E-F0EB-44A9-B3E6-7339E2F26C78}.Release|Any CPU.ActiveCfg = Release|Any CPU
		{1838A39E-F0EB-44A9-B3E6-7339E2F26C78}.Release|Any CPU.Build.0 = Release|Any CPU
	EndGlobalSection
	GlobalSection(SolutionProperties) = preSolution
		HideSolutionNode = FALSE
	EndGlobalSection
	GlobalSection(ExtensibilityGlobals) = postSolution
		SolutionGuid = {DCF9EA74-E6AD-47BF-960D-EAEF6CC8F4D4}
	EndGlobalSection
EndGlobal
